# THIS IS AN AUTOGENERATED FILE. DO NOT EDIT THIS FILE DIRECTLY.
# yarn lockfile v1


"@hotwired/stimulus@^3.2.2":
  version "3.2.2"
  resolved "https://registry.yarnpkg.com/@hotwired/stimulus/-/stimulus-3.2.2.tgz#071aab59c600fed95b97939e605ff261a4251608"
  integrity sha512-eGeIqNOQpXoPAIP7tC1+1Yc1yl1xnwYqg+3mzqxyrbE5pg5YFBZcA6YoTiByJB6DKAEsiWtl6tjTJS4IYtbB7A==

"@hotwired/turbo-rails@^8.0.2":
  version "8.0.2"
  resolved "https://registry.yarnpkg.com/@hotwired/turbo-rails/-/turbo-rails-8.0.2.tgz#c43d54d9346bcf14c897166556bfed92ed4c1d17"
  integrity sha512-j+6THPc+CsaUdUXZTg6wQ+YcStO9kn6CuGzElqFxUmV/vyd1Jfm0RLZMIbaY8w9Qse7u6JBcrm4AcRxhIhYmaQ==
  dependencies:
    "@hotwired/turbo" "^8.0.2"
    "@rails/actioncable" "^7.0"

"@hotwired/turbo@^8.0.2":
  version "8.0.2"
  resolved "https://registry.yarnpkg.com/@hotwired/turbo/-/turbo-8.0.2.tgz#c31cdadfe66b98983066a94073b26fc7e15835f0"
  integrity sha512-3K6QZkwWfosAV8zuM5bY+kKF02jp1lMQGsWfSE6wXdZBRBP3ah+Vj26YNqYtkEomBwRWA0QKhZgyJP7xOQkVEg==

"@rails/actioncable@^7.0":
  version "7.1.3"
  resolved "https://registry.yarnpkg.com/@rails/actioncable/-/actioncable-7.1.3.tgz#4db480347775aeecd4dde2405659eef74a458881"
  integrity sha512-ojNvnoZtPN0pYvVFtlO7dyEN9Oml1B6IDM+whGKVak69MMYW99lC2NOWXWeE3bmwEydbP/nn6ERcpfjHVjYQjA==
